{
  "name": "insomnia-importers",
  "version": "2.0.14",
  "lockfileVersion": 1,
  "requires": true,
  "dependencies": {
    "argparse": {
      "version": "1.0.9",
      "resolved": "https://registry.npmjs.org/argparse/-/argparse-1.0.9.tgz",
      "integrity": "sha1-c9g7wmP4bpf4zE9rrhsOkKfSLIY=",
      "requires": {
        "sprintf-js": "~1.0.2"
      }
    },
    "array-filter": {
      "version": "0.0.1",
      "resolved": "https://registry.npmjs.org/array-filter/-/array-filter-0.0.1.tgz",
      "integrity": "sha1-fajPLiZijtcygDWB/SH2fKzS7uw="
    },
    "array-map": {
      "version": "0.0.0",
      "resolved": "https://registry.npmjs.org/array-map/-/array-map-0.0.0.tgz",
      "integrity": "sha1-iKK6tz0c97zVwbEYoAP2b2ZfpmI="
    },
    "array-reduce": {
      "version": "0.0.0",
      "resolved": "https://registry.npmjs.org/array-reduce/-/array-reduce-0.0.0.tgz",
      "integrity": "sha1-FziZ0//Rx9k4PkR5Ul2+J4yrXys="
    },
    "call-me-maybe": {
      "version": "1.0.1",
      "resolved": "https://registry.npmjs.org/call-me-maybe/-/call-me-maybe-1.0.1.tgz",
      "integrity": "sha1-JtII6onje1y95gJQoV8DHBak1ms="
    },
    "commander": {
      "version": "2.12.1",
      "resolved": "https://registry.npmjs.org/commander/-/commander-2.12.1.tgz",
      "integrity": "sha512-PCNLExLlI5HiPdaJs4pMXwOTHkSCpNQ1QJH9ykZLKtKEyKu3p9HgmH5l97vM8c0IUz6d54l+xEu2GG9yuYrFzA=="
    },
    "debug": {
      "version": "3.1.0",
      "resolved": "https://registry.npmjs.org/debug/-/debug-3.1.0.tgz",
      "integrity": "sha512-OX8XqP7/1a9cqkxYw2yXss15f26NKWBpDXQd0/uK/KPqdQhxbPa994hnzjcE2VqQpDslf55723cKPUOGSmMY3g==",
      "requires": {
        "ms": "2.0.0"
      }
    },
    "esprima": {
      "version": "4.0.0",
      "resolved": "https://registry.npmjs.org/esprima/-/esprima-4.0.0.tgz",
      "integrity": "sha512-oftTcaMu/EGrEIu904mWteKIv8vMuOgGYo7EhVJJN00R/EED9DCua/xxHRdYnKtcECzVg7xOWhflvJMnqcFZjw=="
    },
    "format-util": {
      "version": "1.0.3",
      "resolved": "https://registry.npmjs.org/format-util/-/format-util-1.0.3.tgz",
      "integrity": "sha1-Ay3KShFiYqEsQ/TD7IVmQWxbLZU="
    },
    "js-yaml": {
      "version": "3.10.0",
      "resolved": "https://registry.npmjs.org/js-yaml/-/js-yaml-3.10.0.tgz",
      "integrity": "sha512-O2v52ffjLa9VeM43J4XocZE//WT9N0IiwDa3KSHH7Tu8CtH+1qM8SIZvnsTh6v+4yFy5KUY3BHUVwjpfAWsjIA==",
      "requires": {
        "argparse": "^1.0.7",
        "esprima": "^4.0.0"
      }
    },
    "json-schema-ref-parser": {
      "version": "4.0.4",
      "resolved": "https://registry.npmjs.org/json-schema-ref-parser/-/json-schema-ref-parser-4.0.4.tgz",
      "integrity": "sha512-jbED8wPzWeGipggE2d7oM1kohCSZpscU+kBkkF+vjqI683y72hcPRGI/Ql1OqYK3MOnSQp+t1ZcHdQQ/MRF4UQ==",
      "requires": {
        "call-me-maybe": "^1.0.1",
        "debug": "^3.1.0",
        "js-yaml": "^3.10.0",
        "ono": "^4.0.2"
      }
    },
    "jsonify": {
      "version": "0.0.0",
      "resolved": "https://registry.npmjs.org/jsonify/-/jsonify-0.0.0.tgz",
      "integrity": "sha1-LHS27kHZPKUbe1qu6PUDYx0lKnM="
    },
    "lodash.get": {
      "version": "4.4.2",
      "resolved": "https://registry.npmjs.org/lodash.get/-/lodash.get-4.4.2.tgz",
      "integrity": "sha1-LRd/ZS+jHpObRDjVNBSZ36OCXpk="
    },
    "lodash.isequal": {
      "version": "4.5.0",
      "resolved": "https://registry.npmjs.org/lodash.isequal/-/lodash.isequal-4.5.0.tgz",
      "integrity": "sha1-QVxEePK8wwEgwizhDtMib30+GOA="
    },
    "ms": {
      "version": "2.0.0",
      "resolved": "https://registry.npmjs.org/ms/-/ms-2.0.0.tgz",
      "integrity": "sha1-VgiurfwAvmwpAd9fmGF4jeDVl8g="
    },
    "ono": {
      "version": "4.0.2",
      "resolved": "https://registry.npmjs.org/ono/-/ono-4.0.2.tgz",
      "integrity": "sha512-EFXJFoeF+KkZW4lwmcPMKHp2ZU7o6CM+ccX2nPbEJKiJIdyqbIcS1v6pmNgeNJ6x4/vEYn0/8oz66qXSPnnmSQ==",
      "requires": {
        "format-util": "^1.0.3"
      }
    },
    "shell-quote": {
      "version": "1.6.1",
      "resolved": "https://registry.npmjs.org/shell-quote/-/shell-quote-1.6.1.tgz",
      "integrity": "sha1-9HgZSczkAmlxJ0MOo7PFR29IF2c=",
      "requires": {
        "array-filter": "~0.0.0",
        "array-map": "~0.0.0",
        "array-reduce": "~0.0.0",
        "jsonify": "~0.0.0"
      }
    },
    "sprintf-js": {
      "version": "1.0.3",
      "resolved": "https://registry.npmjs.org/sprintf-js/-/sprintf-js-1.0.3.tgz",
      "integrity": "sha1-BOaSb2YolTVPPdAVIDYzuFcpfiw="
    },
    "swagger-methods": {
      "version": "1.0.4",
      "resolved": "https://registry.npmjs.org/swagger-methods/-/swagger-methods-1.0.4.tgz",
      "integrity": "sha512-xrKFLbrZ6VxRsg+M3uJozJtsEpNI/aPfZsOkoEjXw8vhAqdMIqwTYGj1f4dmUgvJvCdZhV5iArgtqXgs403ltg=="
    },
    "swagger-parser": {
      "version": "4.0.1",
      "resolved": "https://registry.npmjs.org/swagger-parser/-/swagger-parser-4.0.1.tgz",
      "integrity": "sha512-LV2OXOcwtzboCFKPQMkMlkzisy0YLMx5mYF8rSQp65jAOvGhxD8QpAFEC/Sm0XUUawnUDEjCjv0WNKt9XW/Oog==",
      "requires": {
        "call-me-maybe": "^1.0.1",
        "debug": "^3.1.0",
        "json-schema-ref-parser": "^4.0.4",
        "ono": "^4.0.2",
        "swagger-methods": "^1.0.0",
        "swagger-schema-official": "2.0.0-bab6bed",
        "z-schema": "^3.18.4"
      }
    },
    "swagger-schema-official": {
      "version": "2.0.0-bab6bed",
      "resolved": "https://registry.npmjs.org/swagger-schema-official/-/swagger-schema-official-2.0.0-bab6bed.tgz",
      "integrity": "sha1-cAcEaNbSl3ylI3suUZyn0Gouo/0="
    },
    "validator": {
      "version": "9.2.0",
      "resolved": "https://registry.npmjs.org/validator/-/validator-9.2.0.tgz",
      "integrity": "sha512-6Ij4Eo0KM4LkR0d0IegOwluG5453uqT5QyF5SV5Ezvm8/zmkKI/L4eoraafZGlZPC9guLkwKzgypcw8VGWWnGA=="
    },
    "z-schema": {
      "version": "3.19.0",
      "resolved": "https://registry.npmjs.org/z-schema/-/z-schema-3.19.0.tgz",
      "integrity": "sha512-V94f3ODuluBS4kQLLjNhwoMek0dyIXCsvNu/A17dAyJ6sMhT5KkJQwSn07R0naByLIXJWMDk+ruMfI/3G3hS4Q==",
      "requires": {
        "commander": "^2.7.1",
        "lodash.get": "^4.0.0",
        "lodash.isequal": "^4.0.0",
        "validator": "^9.0.0"
      }
    }
  }
}
