# THIS IS AN AUTOGENERATED FILE. DO NOT EDIT THIS FILE DIRECTLY.
# yarn lockfile v1


argparse@^1.0.7:
  version "1.0.10"
  resolved "https://registry.yarnpkg.com/argparse/-/argparse-1.0.10.tgz#bcd6791ea5ae09725e17e5ad988134cd40b3d911"
  dependencies:
    sprintf-js "~1.0.2"

array-filter@~0.0.0:
  version "0.0.1"
  resolved "https://registry.yarnpkg.com/array-filter/-/array-filter-0.0.1.tgz#7da8cf2e26628ed732803581fd21f67cacd2eeec"

array-map@~0.0.0:
  version "0.0.0"
  resolved "https://registry.yarnpkg.com/array-map/-/array-map-0.0.0.tgz#88a2bab73d1cf7bcd5c1b118a003f66f665fa662"

array-reduce@~0.0.0:
  version "0.0.0"
  resolved "https://registry.yarnpkg.com/array-reduce/-/array-reduce-0.0.0.tgz#173899d3ffd1c7d9383e4479525dbe278cab5f2b"

call-me-maybe@^1.0.1:
  version "1.0.1"
  resolved "https://registry.yarnpkg.com/call-me-maybe/-/call-me-maybe-1.0.1.tgz#26d208ea89e37b5cbde60250a15f031c16a4d66b"

commander@^2.7.1, commander@^2.9.0:
  version "2.16.0"
  resolved "https://registry.yarnpkg.com/commander/-/commander-2.16.0.tgz#f16390593996ceb4f3eeb020b31d78528f7f8a50"

debug@^3.1.0:
  version "3.1.0"
  resolved "https://registry.yarnpkg.com/debug/-/debug-3.1.0.tgz#5bb5a0672628b64149566ba16819e61518c67261"
  dependencies:
    ms "2.0.0"

esprima@^4.0.0:
  version "4.0.0"
  resolved "https://registry.yarnpkg.com/esprima/-/esprima-4.0.0.tgz#4499eddcd1110e0b218bacf2fa7f7f59f55ca804"

format-util@^1.0.3:
  version "1.0.3"
  resolved "https://registry.yarnpkg.com/format-util/-/format-util-1.0.3.tgz#032dca4a116262a12c43f4c3ec8566416c5b2d95"

js-yaml@^3.12.0:
  version "3.12.0"
  resolved "https://registry.yarnpkg.com/js-yaml/-/js-yaml-3.12.0.tgz#eaed656ec8344f10f527c6bfa1b6e2244de167d1"
  dependencies:
    argparse "^1.0.7"
    esprima "^4.0.0"

json-schema-ref-parser@^5.0.3:
  version "5.1.0"
  resolved "https://registry.yarnpkg.com/json-schema-ref-parser/-/json-schema-ref-parser-5.1.0.tgz#640ce23f4a972068f7e12218c491f3c13efdd060"
  dependencies:
    call-me-maybe "^1.0.1"
    debug "^3.1.0"
    js-yaml "^3.12.0"
    ono "^4.0.5"

jsonify@~0.0.0:
  version "0.0.0"
  resolved "https://registry.yarnpkg.com/jsonify/-/jsonify-0.0.0.tgz#2c74b6ee41d93ca51b7b5aaee8f503631d252a73"

lodash.get@^4.0.0:
  version "4.4.2"
  resolved "https://registry.yarnpkg.com/lodash.get/-/lodash.get-4.4.2.tgz#2d177f652fa31e939b4438d5341499dfa3825e99"

lodash.isequal@^4.0.0:
  version "4.5.0"
  resolved "https://registry.yarnpkg.com/lodash.isequal/-/lodash.isequal-4.5.0.tgz#415c4478f2bcc30120c22ce10ed3226f7d3e18e0"

ms@2.0.0:
  version "2.0.0"
  resolved "https://registry.yarnpkg.com/ms/-/ms-2.0.0.tgz#5608aeadfc00be6c2901df5f9861788de0d597c8"

ono@^4.0.5:
  version "4.0.5"
  resolved "https://registry.yarnpkg.com/ono/-/ono-4.0.5.tgz#bc62740493a5c1c08b2c21e60cbb0e5c56ab7de2"
  dependencies:
    format-util "^1.0.3"

shell-quote@^1.6.1:
  version "1.6.1"
  resolved "https://registry.yarnpkg.com/shell-quote/-/shell-quote-1.6.1.tgz#f4781949cce402697127430ea3b3c5476f481767"
  dependencies:
    array-filter "~0.0.0"
    array-map "~0.0.0"
    array-reduce "~0.0.0"
    jsonify "~0.0.0"

sprintf-js@~1.0.2:
  version "1.0.3"
  resolved "https://registry.yarnpkg.com/sprintf-js/-/sprintf-js-1.0.3.tgz#04e6926f662895354f3dd015203633b857297e2c"

swagger-methods@^1.0.4:
  version "1.0.4"
  resolved "https://registry.yarnpkg.com/swagger-methods/-/swagger-methods-1.0.4.tgz#2c5b844f4a22ab2f5e773f98193c28e386b1c37e"

swagger-parser@^4.0.1:
  version "4.1.0"
  resolved "https://registry.yarnpkg.com/swagger-parser/-/swagger-parser-4.1.0.tgz#5fb08ccc0c5abb8f9de7cba6c5e437736d8a10f5"
  dependencies:
    call-me-maybe "^1.0.1"
    debug "^3.1.0"
    json-schema-ref-parser "^5.0.3"
    ono "^4.0.5"
    swagger-methods "^1.0.4"
    swagger-schema-official "2.0.0-bab6bed"
    z-schema "^3.19.1"

swagger-schema-official@2.0.0-bab6bed:
  version "2.0.0-bab6bed"
  resolved "https://registry.yarnpkg.com/swagger-schema-official/-/swagger-schema-official-2.0.0-bab6bed.tgz#70070468d6d2977ca5237b2e519ca7d06a2ea3fd"

validator@^10.0.0:
  version "10.4.0"
  resolved "https://registry.yarnpkg.com/validator/-/validator-10.4.0.tgz#ee99a44afb3bb5ed350a159f056ca72a204cfc3c"

z-schema@^3.19.1:
  version "3.22.0"
  resolved "https://registry.yarnpkg.com/z-schema/-/z-schema-3.22.0.tgz#e1326063cb438f348c648350770258ff5e20a22b"
  dependencies:
    lodash.get "^4.0.0"
    lodash.isequal "^4.0.0"
    validator "^10.0.0"
  optionalDependencies:
    commander "^2.7.1"
