{
	"name": "insomnia-plugin-kong-declarative-config",
	"version": "2.3.3-alpha.4",
	"lockfileVersion": 1,
	"requires": true,
	"dependencies": {
		"@babel/runtime": {
			"version": "7.9.2",
			"resolved": "https://registry.npmjs.org/@babel/runtime/-/runtime-7.9.2.tgz",
			"integrity": "sha512-NE2DtOdufG7R5vnfQUTehdTfNycfUANEtCa9PssN9O/xmTzP4E08UI797ixaei6hBEVL9BI/PsdJS5x7mWoB9Q==",
			"requires": {
				"regenerator-runtime": "^0.13.4"
			}
		},
		"regenerator-runtime": {
			"version": "0.13.5",
			"resolved": "https://registry.npmjs.org/regenerator-runtime/-/regenerator-runtime-0.13.5.tgz",
			"integrity": "sha512-ZS5w8CpKFinUzOwW3c83oPeVXoNsrLsaCoLtJvAClH135j/R77RuymhiSErhm2lKcwSCIpmvIWSbDkIfAqKQlA=="
		},
		"yaml": {
			"version": "1.9.2",
			"resolved": "https://registry.npmjs.org/yaml/-/yaml-1.9.2.tgz",
			"integrity": "sha512-HPT7cGGI0DuRcsO51qC1j9O16Dh1mZ2bnXwsi0jrSpsLz0WxOLSLXfkABVl6bZO629py3CU+OMJtpNHDLB97kg==",
			"requires": {
				"@babel/runtime": "^7.9.2"
			}
		}
	}
}
