{
	"name": "insomnia-plugin-os",
	"version": "3.6.1-beta.2",
	"lockfileVersion": 2,
	"requires": true,
	"packages": {
		"": {
			"name": "insomnia-plugin-os",
			"version": "3.6.1-beta.2",
			"license": "MIT",
			"dependencies": {
				"jsonpath-plus": "^6.0.1"
			}
		},
		"node_modules/jsonpath-plus": {
			"version": "6.0.1",
			"resolved": "https://registry.npmjs.org/jsonpath-plus/-/jsonpath-plus-6.0.1.tgz",
			"integrity": "sha512-EvGovdvau6FyLexFH2OeXfIITlgIbgZoAZe3usiySeaIDm5QS+A10DKNpaPBBqqRSZr2HN6HVNXxtwUAr2apEw==",
			"engines": {
				"node": ">=10.0.0"
			}
		}
	},
	"dependencies": {
		"jsonpath-plus": {
			"version": "6.0.1",
			"resolved": "https://registry.npmjs.org/jsonpath-plus/-/jsonpath-plus-6.0.1.tgz",
			"integrity": "sha512-EvGovdvau6FyLexFH2OeXfIITlgIbgZoAZe3usiySeaIDm5QS+A10DKNpaPBBqqRSZr2HN6HVNXxtwUAr2apEw=="
		}
	}
}
