{
	"name": "insomnia-plugin-now",
	"version": "3.6.1-beta.2",
	"lockfileVersion": 2,
	"requires": true,
	"packages": {
		"": {
			"name": "insomnia-plugin-now",
			"version": "3.6.1-beta.2",
			"license": "MIT",
			"dependencies": {
				"moment": "^2.21.0"
			}
		},
		"node_modules/moment": {
			"version": "2.29.4",
			"resolved": "https://registry.npmjs.org/moment/-/moment-2.29.4.tgz",
			"integrity": "sha512-5LC9SOxjSc2HF6vO2CyuTDNivEdoz2IvyJJGj6X8DJ0eFyfszE0QiEd+iXmBvUP3WHxSjFH/vIsA0EN00cgr8w==",
			"engines": {
				"node": "*"
			}
		}
	},
	"dependencies": {
		"moment": {
			"version": "2.29.4",
			"resolved": "https://registry.npmjs.org/moment/-/moment-2.29.4.tgz",
			"integrity": "sha512-5LC9SOxjSc2HF6vO2CyuTDNivEdoz2IvyJJGj6X8DJ0eFyfszE0QiEd+iXmBvUP3WHxSjFH/vIsA0EN00cgr8w=="
		}
	}
}
