{
	"name": "insomnia-plugin-now",
	"version": "2.3.2",
	"lockfileVersion": 2,
	"requires": true,
	"packages": {
		"": {
			"name": "insomnia-plugin-now",
			"version": "2.3.2",
			"license": "MIT",
			"dependencies": {
				"moment": "^2.21.0"
			}
		},
		"node_modules/moment": {
			"version": "2.21.0",
			"resolved": "https://registry.npmjs.org/moment/-/moment-2.21.0.tgz",
			"integrity": "sha512-TCZ36BjURTeFTM/CwRcViQlfkMvL1/vFISuNLO5GkcVm1+QHfbSiNqZuWeMFjj1/3+uAjXswgRk30j1kkLYJBQ==",
			"engines": {
				"node": "*"
			}
		}
	},
	"dependencies": {
		"moment": {
			"version": "2.21.0",
			"resolved": "https://registry.npmjs.org/moment/-/moment-2.21.0.tgz",
			"integrity": "sha512-TCZ36BjURTeFTM/CwRcViQlfkMvL1/vFISuNLO5GkcVm1+QHfbSiNqZuWeMFjj1/3+uAjXswgRk30j1kkLYJBQ=="
		}
	}
}
