{
	"requires": true,
	"lockfileVersion": 1,
	"dependencies": {
		"xmldom": {
			"version": "0.1.27",
			"resolved": "https://registry.npmjs.org/xmldom/-/xmldom-0.1.27.tgz",
			"integrity": "sha1-1QH5ezvbQDr4757MIFcxh6rawOk="
		},
		"xpath": {
			"version": "0.0.26",
			"resolved": "https://registry.npmjs.org/xpath/-/xpath-0.0.26.tgz",
			"integrity": "sha512-cn58wPnkUO7woqCLXlg9xeUMsPjMF7ZJ2gExwZ2F0IXkFAkL+6cyMdFUXJkld7Quw4k1y8QY9wlI3lMNNQkroQ=="
		}
	}
}
