{
  "name": "insomnia-xpath",
  "version": "2.4.0",
  "lockfileVersion": 1,
  "requires": true,
  "dependencies": {
    "@types/xmldom": {
      "version": "0.1.30",
      "resolved": "https://registry.npmjs.org/@types/xmldom/-/xmldom-0.1.30.tgz",
      "integrity": "sha512-edqgAFXMEtVvaBZ3YnhamvmrHjoYpuxETmnb0lbTZmf/dXpAsO9ZKotUO4K2rn2SIZBDFCMOuA7fOe0H6dRZcA==",
      "dev": true
    },
    "xmldom": {
      "version": "0.5.0",
      "resolved": "https://registry.npmjs.org/xmldom/-/xmldom-0.5.0.tgz",
      "integrity": "sha512-Foaj5FXVzgn7xFzsKeNIde9g6aFBxTPi37iwsno8QvApmtg7KYrr+OPyRHcJF7dud2a5nGRBXK3n0dL62Gf7PA=="
    },
    "xpath": {
      "version": "0.0.27",
      "resolved": "https://registry.npmjs.org/xpath/-/xpath-0.0.27.tgz",
      "integrity": "sha512-fg03WRxtkCV6ohClePNAECYsmpKKTv5L8y/X3Dn1hQrec3POx2jHZ/0P2qQ6HvsrU1BmeqXcof3NGGueG6LxwQ=="
    }
  }
}
