{
	"name": "kong-k8s-config",
	"version": "2.2.0",
	"lockfileVersion": 1,
	"requires": true,
	"dependencies": {
		"@babel/runtime": {
			"version": "7.9.2",
			"resolved": "https://registry.npmjs.org/@babel/runtime/-/runtime-7.9.2.tgz",
			"integrity": "sha512-NE2DtOdufG7R5vnfQUTehdTfNycfUANEtCa9PssN9O/xmTzP4E08UI797ixaei6hBEVL9BI/PsdJS5x7mWoB9Q==",
			"requires": {
				"regenerator-runtime": "^0.13.4"
			}
		},
		"regenerator-runtime": {
			"version": "0.13.5",
			"resolved": "https://registry.npmjs.org/regenerator-runtime/-/regenerator-runtime-0.13.5.tgz",
			"integrity": "sha512-ZS5w8CpKFinUzOwW3c83oPeVXoNsrLsaCoLtJvAClH135j/R77RuymhiSErhm2lKcwSCIpmvIWSbDkIfAqKQlA=="
		},
		"yaml": {
			"version": "1.8.3",
			"resolved": "https://registry.npmjs.org/yaml/-/yaml-1.8.3.tgz",
			"integrity": "sha512-X/v7VDnK+sxbQ2Imq4Jt2PRUsRsP7UcpSl3Llg6+NRRqWLIvxkMFYtH1FmvwNGYRKKPa+EPA4qDBlI9WVG1UKw==",
			"requires": {
				"@babel/runtime": "^7.8.7"
			}
		}
	}
}
